
Microsoft Visual Studio Solution File, Format Version 12.00
# Visual Studio Version 17
VisualStudioVersion = 17.3.32819.101
MinimumVisualStudioVersion = 10.0.40219.1
Project("{FAE04EC0-301F-11D3-BF4B-00C04F79EFBC}") = "WindowsFormsSample", "WindowsFormsSample\WindowsFormsSample.csproj", "{F01F5870-C621-4D1B-8A59-8F6C102CCF89}"
EndProject
Global
	GlobalSection(SolutionConfigurationPlatforms) = preSolution
		Debug|Any CPU = Debug|Any CPU
		Release|Any CPU = Release|Any CPU
	EndGlobalSection
	GlobalSection(ProjectConfigurationPlatforms) = postSolution
		{F01F5870-C621-4D1B-8A59-8F6C102CCF89}.Debug|Any CPU.ActiveCfg = Debug|Any CPU
		{F01F5870-C621-4D1B-8A59-8F6C102CCF89}.Debug|Any CPU.Build.0 = Debug|Any CPU
		{F01F5870-C621-4D1B-8A59-8F6C102CCF89}.Release|Any CPU.ActiveCfg = Release|Any CPU
		{F01F5870-C621-4D1B-8A59-8F6C102CCF89}.Release|Any CPU.Build.0 = Release|Any CPU
	EndGlobalSection
	GlobalSection(SolutionProperties) = preSolution
		HideSolutionNode = FALSE
	EndGlobalSection
	GlobalSection(ExtensibilityGlobals) = postSolution
		SolutionGuid = {AA7B3BCB-9466-4741-9564-1BEE72EED23A}
	EndGlobalSection
EndGlobal
